
Microsoft Visual Studio Solution File, Format Version 12.00
# Visual Studio Version 16
VisualStudioVersion = 16.0.29613.14
MinimumVisualStudioVersion = 10.0.40219.1
Project("{FAE04EC0-301F-11D3-BF4B-00C04F79EFBC}") = "mvc", "mvc.csproj", "{7CB6806A-ED06-4679-B889-2B48BB9B104D}"
EndProject
Global
	GlobalSection(SolutionConfigurationPlatforms) = preSolution
		Debug|Any CPU = Debug|Any CPU
		Release|Any CPU = Release|Any CPU
	EndGlobalSection
	GlobalSection(ProjectConfigurationPlatforms) = postSolution
		{7CB6806A-ED06-4679-B889-2B48BB9B104D}.Debug|Any CPU.ActiveCfg = Debug|Any CPU
		{7CB6806A-ED06-4679-B889-2B48BB9B104D}.Debug|Any CPU.Build.0 = Debug|Any CPU
		{7CB6806A-ED06-4679-B889-2B48BB9B104D}.Release|Any CPU.ActiveCfg = Release|Any CPU
		{7CB6806A-ED06-4679-B889-2B48BB9B104D}.Release|Any CPU.Build.0 = Release|Any CPU
	EndGlobalSection
	GlobalSection(SolutionProperties) = preSolution
		HideSolutionNode = FALSE
	EndGlobalSection
	GlobalSection(ExtensibilityGlobals) = postSolution
		SolutionGuid = {9EC5CE5D-CD77-4501-B73A-0CB8B271AA43}
	EndGlobalSection
EndGlobal
