
Microsoft Visual Studio Solution File, Format Version 12.00
# Visual Studio Version 16
VisualStudioVersion = 16.0.29613.14
MinimumVisualStudioVersion = 10.0.40219.1
Project("{FAE04EC0-301F-11D3-BF4B-00C04F79EFBC}") = "EmpManagement", "EmpManagement.csproj", "{3D78944E-3DDB-445F-AFEF-1A3CE251E9E7}"
EndProject
Global
	GlobalSection(SolutionConfigurationPlatforms) = preSolution
		Debug|Any CPU = Debug|Any CPU
		Release|Any CPU = Release|Any CPU
	EndGlobalSection
	GlobalSection(ProjectConfigurationPlatforms) = postSolution
		{3D78944E-3DDB-445F-AFEF-1A3CE251E9E7}.Debug|Any CPU.ActiveCfg = Debug|Any CPU
		{3D78944E-3DDB-445F-AFEF-1A3CE251E9E7}.Debug|Any CPU.Build.0 = Debug|Any CPU
		{3D78944E-3DDB-445F-AFEF-1A3CE251E9E7}.Release|Any CPU.ActiveCfg = Release|Any CPU
		{3D78944E-3DDB-445F-AFEF-1A3CE251E9E7}.Release|Any CPU.Build.0 = Release|Any CPU
	EndGlobalSection
	GlobalSection(SolutionProperties) = preSolution
		HideSolutionNode = FALSE
	EndGlobalSection
	GlobalSection(ExtensibilityGlobals) = postSolution
		SolutionGuid = {A863E499-FEEF-499F-BD6B-D57E95B78903}
	EndGlobalSection
EndGlobal
