
Microsoft Visual Studio Solution File, Format Version 12.00
# Visual Studio Version 16
VisualStudioVersion = 16.0.29613.14
MinimumVisualStudioVersion = 10.0.40219.1
Project("{FAE04EC0-301F-11D3-BF4B-00C04F79EFBC}") = "seller", "seller.csproj", "{36B1FFB4-7A1A-430F-B316-31FECCB322CB}"
EndProject
Global
	GlobalSection(SolutionConfigurationPlatforms) = preSolution
		Debug|Any CPU = Debug|Any CPU
		Release|Any CPU = Release|Any CPU
	EndGlobalSection
	GlobalSection(ProjectConfigurationPlatforms) = postSolution
		{36B1FFB4-7A1A-430F-B316-31FECCB322CB}.Debug|Any CPU.ActiveCfg = Debug|Any CPU
		{36B1FFB4-7A1A-430F-B316-31FECCB322CB}.Debug|Any CPU.Build.0 = Debug|Any CPU
		{36B1FFB4-7A1A-430F-B316-31FECCB322CB}.Release|Any CPU.ActiveCfg = Release|Any CPU
		{36B1FFB4-7A1A-430F-B316-31FECCB322CB}.Release|Any CPU.Build.0 = Release|Any CPU
	EndGlobalSection
	GlobalSection(SolutionProperties) = preSolution
		HideSolutionNode = FALSE
	EndGlobalSection
	GlobalSection(ExtensibilityGlobals) = postSolution
		SolutionGuid = {B47C2F96-FEE8-46D0-B36F-8C8BA39FC117}
	EndGlobalSection
EndGlobal
