
Microsoft Visual Studio Solution File, Format Version 12.00
# Visual Studio Version 16
VisualStudioVersion = 16.0.29613.14
MinimumVisualStudioVersion = 10.0.40219.1
Project("{FAE04EC0-301F-11D3-BF4B-00C04F79EFBC}") = "EmartMvc", "EmartMvc.csproj", "{FAC6DD32-2B30-493D-840B-0939B796FDF9}"
EndProject
Global
	GlobalSection(SolutionConfigurationPlatforms) = preSolution
		Debug|Any CPU = Debug|Any CPU
		Release|Any CPU = Release|Any CPU
	EndGlobalSection
	GlobalSection(ProjectConfigurationPlatforms) = postSolution
		{FAC6DD32-2B30-493D-840B-0939B796FDF9}.Debug|Any CPU.ActiveCfg = Debug|Any CPU
		{FAC6DD32-2B30-493D-840B-0939B796FDF9}.Debug|Any CPU.Build.0 = Debug|Any CPU
		{FAC6DD32-2B30-493D-840B-0939B796FDF9}.Release|Any CPU.ActiveCfg = Release|Any CPU
		{FAC6DD32-2B30-493D-840B-0939B796FDF9}.Release|Any CPU.Build.0 = Release|Any CPU
	EndGlobalSection
	GlobalSection(SolutionProperties) = preSolution
		HideSolutionNode = FALSE
	EndGlobalSection
	GlobalSection(ExtensibilityGlobals) = postSolution
		SolutionGuid = {2D2A7ED2-37CC-40D8-A43A-6C5504525684}
	EndGlobalSection
EndGlobal
